
Microsoft Visual Studio Solution File, Format Version 12.00
# Visual Studio 15
VisualStudioVersion = 15.0.27703.2026
MinimumVisualStudioVersion = 10.0.40219.1
Project("{151D2E53-A2C4-4D7D-83FE-D05416EBD58E}") = "FirstAzureGit", "FirstAzureGit\FirstAzureGit.deployproj", "{831B07EE-FC91-4736-A545-52538A4E18BD}"
EndProject
Global
	GlobalSection(SolutionConfigurationPlatforms) = preSolution
		Debug|Any CPU = Debug|Any CPU
		Release|Any CPU = Release|Any CPU
	EndGlobalSection
	GlobalSection(ProjectConfigurationPlatforms) = postSolution
		{831B07EE-FC91-4736-A545-52538A4E18BD}.Debug|Any CPU.ActiveCfg = Debug|Any CPU
		{831B07EE-FC91-4736-A545-52538A4E18BD}.Debug|Any CPU.Build.0 = Debug|Any CPU
		{831B07EE-FC91-4736-A545-52538A4E18BD}.Release|Any CPU.ActiveCfg = Release|Any CPU
		{831B07EE-FC91-4736-A545-52538A4E18BD}.Release|Any CPU.Build.0 = Release|Any CPU
	EndGlobalSection
	GlobalSection(SolutionProperties) = preSolution
		HideSolutionNode = FALSE
	EndGlobalSection
	GlobalSection(ExtensibilityGlobals) = postSolution
		SolutionGuid = {04628696-2BD8-48FD-9AAF-14DEF1AD64E2}
	EndGlobalSection
EndGlobal
